
Microsoft Visual Studio Solution File, Format Version 12.00
# Visual Studio Version 16
VisualStudioVersion = 16.0.31129.286
MinimumVisualStudioVersion = 10.0.40219.1
Project("{FAE04EC0-301F-11D3-BF4B-00C04F79EFBC}") = "pratice3", "pratice3\pratice3.csproj", "{29EF7CF0-06A9-474C-80B0-12CFEC02D71C}"
EndProject
Global
	GlobalSection(SolutionConfigurationPlatforms) = preSolution
		Debug|Any CPU = Debug|Any CPU
		Release|Any CPU = Release|Any CPU
	EndGlobalSection
	GlobalSection(ProjectConfigurationPlatforms) = postSolution
		{29EF7CF0-06A9-474C-80B0-12CFEC02D71C}.Debug|Any CPU.ActiveCfg = Debug|Any CPU
		{29EF7CF0-06A9-474C-80B0-12CFEC02D71C}.Debug|Any CPU.Build.0 = Debug|Any CPU
		{29EF7CF0-06A9-474C-80B0-12CFEC02D71C}.Release|Any CPU.ActiveCfg = Release|Any CPU
		{29EF7CF0-06A9-474C-80B0-12CFEC02D71C}.Release|Any CPU.Build.0 = Release|Any CPU
	EndGlobalSection
	GlobalSection(SolutionProperties) = preSolution
		HideSolutionNode = FALSE
	EndGlobalSection
	GlobalSection(ExtensibilityGlobals) = postSolution
		SolutionGuid = {2885FE0E-7967-410A-8470-03A45ECAB756}
	EndGlobalSection
EndGlobal
