
Microsoft Visual Studio Solution File, Format Version 12.00
# Visual Studio Version 16
VisualStudioVersion = 16.0.31129.286
MinimumVisualStudioVersion = 10.0.40219.1
Project("{FAE04EC0-301F-11D3-BF4B-00C04F79EFBC}") = "ConsoleApp5", "ConsoleApp5\ConsoleApp5.csproj", "{B17EB7DB-4340-4B45-9EC8-54768C97CC60}"
EndProject
Global
	GlobalSection(SolutionConfigurationPlatforms) = preSolution
		Debug|Any CPU = Debug|Any CPU
		Release|Any CPU = Release|Any CPU
	EndGlobalSection
	GlobalSection(ProjectConfigurationPlatforms) = postSolution
		{B17EB7DB-4340-4B45-9EC8-54768C97CC60}.Debug|Any CPU.ActiveCfg = Debug|Any CPU
		{B17EB7DB-4340-4B45-9EC8-54768C97CC60}.Debug|Any CPU.Build.0 = Debug|Any CPU
		{B17EB7DB-4340-4B45-9EC8-54768C97CC60}.Release|Any CPU.ActiveCfg = Release|Any CPU
		{B17EB7DB-4340-4B45-9EC8-54768C97CC60}.Release|Any CPU.Build.0 = Release|Any CPU
	EndGlobalSection
	GlobalSection(SolutionProperties) = preSolution
		HideSolutionNode = FALSE
	EndGlobalSection
	GlobalSection(ExtensibilityGlobals) = postSolution
		SolutionGuid = {19122E8C-2529-4DFE-9767-0571E92495A4}
	EndGlobalSection
EndGlobal
